
Microsoft Visual Studio Solution File, Format Version 12.00
# Visual Studio 15
VisualStudioVersion = 15.0.28307.1000
MinimumVisualStudioVersion = 10.0.40219.1
Project("{FAE04EC0-301F-11D3-BF4B-00C04F79EFBC}") = "Empresa.PruebaTecnica.Api", "Empresa.PruebaTecnica.Api\Empresa.PruebaTecnica.Api.csproj", "{5B573A11-252C-48F6-BE02-056C1E8945BE}"
EndProject
Project("{FAE04EC0-301F-11D3-BF4B-00C04F79EFBC}") = "Empresa.PruebaTecnica.Api.Facade", "Empresa.PruebaTecnica.Api.Facade\Empresa.PruebaTecnica.Api.Facade.csproj", "{682FF579-84C6-4A89-B5F5-65B07BCBF35A}"
EndProject
Project("{FAE04EC0-301F-11D3-BF4B-00C04F79EFBC}") = "Empresa.PruebaTecnica.Api.Contratos", "Empresa.PruebaTecnica.Api.Contratos\Empresa.PruebaTecnica.Api.Contratos.csproj", "{3C7B1384-4E4A-4FA8-8B47-8547798EF4E0}"
EndProject
Project("{FAE04EC0-301F-11D3-BF4B-00C04F79EFBC}") = "Empresa.PruebaTecnica.Api.Dao", "Empresa.PruebaTecnica.Api.Dao\Empresa.PruebaTecnica.Api.Dao.csproj", "{CA920AA6-FD24-44F8-B4CC-B9CD468277E6}"
EndProject
Global
	GlobalSection(SolutionConfigurationPlatforms) = preSolution
		Debug|Any CPU = Debug|Any CPU
		Release|Any CPU = Release|Any CPU
	EndGlobalSection
	GlobalSection(ProjectConfigurationPlatforms) = postSolution
		{5B573A11-252C-48F6-BE02-056C1E8945BE}.Debug|Any CPU.ActiveCfg = Debug|Any CPU
		{5B573A11-252C-48F6-BE02-056C1E8945BE}.Debug|Any CPU.Build.0 = Debug|Any CPU
		{5B573A11-252C-48F6-BE02-056C1E8945BE}.Release|Any CPU.ActiveCfg = Release|Any CPU
		{5B573A11-252C-48F6-BE02-056C1E8945BE}.Release|Any CPU.Build.0 = Release|Any CPU
		{682FF579-84C6-4A89-B5F5-65B07BCBF35A}.Debug|Any CPU.ActiveCfg = Debug|Any CPU
		{682FF579-84C6-4A89-B5F5-65B07BCBF35A}.Debug|Any CPU.Build.0 = Debug|Any CPU
		{682FF579-84C6-4A89-B5F5-65B07BCBF35A}.Release|Any CPU.ActiveCfg = Release|Any CPU
		{682FF579-84C6-4A89-B5F5-65B07BCBF35A}.Release|Any CPU.Build.0 = Release|Any CPU
		{3C7B1384-4E4A-4FA8-8B47-8547798EF4E0}.Debug|Any CPU.ActiveCfg = Debug|Any CPU
		{3C7B1384-4E4A-4FA8-8B47-8547798EF4E0}.Debug|Any CPU.Build.0 = Debug|Any CPU
		{3C7B1384-4E4A-4FA8-8B47-8547798EF4E0}.Release|Any CPU.ActiveCfg = Release|Any CPU
		{3C7B1384-4E4A-4FA8-8B47-8547798EF4E0}.Release|Any CPU.Build.0 = Release|Any CPU
		{CA920AA6-FD24-44F8-B4CC-B9CD468277E6}.Debug|Any CPU.ActiveCfg = Debug|Any CPU
		{CA920AA6-FD24-44F8-B4CC-B9CD468277E6}.Debug|Any CPU.Build.0 = Debug|Any CPU
		{CA920AA6-FD24-44F8-B4CC-B9CD468277E6}.Release|Any CPU.ActiveCfg = Release|Any CPU
		{CA920AA6-FD24-44F8-B4CC-B9CD468277E6}.Release|Any CPU.Build.0 = Release|Any CPU
	EndGlobalSection
	GlobalSection(SolutionProperties) = preSolution
		HideSolutionNode = FALSE
	EndGlobalSection
	GlobalSection(ExtensibilityGlobals) = postSolution
		SolutionGuid = {298159A6-48B8-4882-9A8E-6B05A240CF56}
	EndGlobalSection
EndGlobal
